PODS:
  - Alamofire (5.0.5)
  - IQKeyboardManagerSwift (6.5.5)
  - Kingfisher (5.14.1):
    - Kingfisher/Core (= 5.14.1)
  - Kingfisher/Core (5.14.1)
  - Mimus (1.1.4)
  - Nimble (8.1.1)
  - Quick (3.0.0)
  - RxSwift (5.1.1)
  - SnapKit (5.0.1)

DEPENDENCIES:
  - Alamofire (~> 5.0.0)
  - IQKeyboardManagerSwift
  - Kingfisher (~> 5.0)
  - Mimus
  - Nimble
  - Quick
  - RxSwift
  - SnapKit

SPEC REPOS:
  trunk:
    - Alamofire
    - IQKeyboardManagerSwift
    - Kingfisher
    - Mimus
    - Nimble
    - Quick
    - RxSwift
    - SnapKit

SPEC CHECKSUMS:
  Alamofire: df2f8f826963b08b9a870791ad48e07a10090b2e
  IQKeyboardManagerSwift: 0fb93310284665245591f50f7a5e38de615960b7
  Kingfisher: 8050bc6f7f68cbf3908bd04df7ccbac188f6d6d6
  Mimus: 7068805e0a10a5d96df46891fed0e5dd59cef832
  Nimble: 5f8a2fb6fa343a7242dfdd9d42f7267419d464b2
  Quick: 6d9559f40647bc4d510103842ef2fdd882d753e2
  RxSwift: 81470a2074fa8780320ea5fe4102807cb7118178
  SnapKit: 97b92857e3df3a0c71833cce143274bf6ef8e5eb

PODFILE CHECKSUM: 444948aa15570c86fd88109b6158bc09bd3ec281

COCOAPODS: 1.9.1
