// !$*UTF8*$!
{
	archiveVersion = 1;
	classes = {
	};
	objectVersion = 51;
	objects = {

/* Begin PBXBuildFile section */
		05E94DEE026CCB4CD64F1AEB /* Pods_MovieListTests.framework in Frameworks */ = {isa = PBXBuildFile; fileRef = 8C270B5CB8B6D6FF714D0570 /* Pods_MovieListTests.framework */; };
		338A10C722588BBE1FFC782A /* Pods_MovieList.framework in Frameworks */ = {isa = PBXBuildFile; fileRef = 04510F7E80747B6263E53C58 /* Pods_MovieList.framework */; };
		DC68F4FB24C2F419001F196D /* AppDelegate.swift in Sources */ = {isa = PBXBuildFile; fileRef = DC68F4FA24C2F419001F196D /* AppDelegate.swift */; };
		DC68F50424C2F41C001F196D /* Assets.xcassets in Resources */ = {isa = PBXBuildFile; fileRef = DC68F50324C2F41C001F196D /* Assets.xcassets */; };
		DC68F50724C2F41C001F196D /* LaunchScreen.storyboard in Resources */ = {isa = PBXBuildFile; fileRef = DC68F50524C2F41C001F196D /* LaunchScreen.storyboard */; };
		DC68F51E24C2F754001F196D /* Navigator.swift in Sources */ = {isa = PBXBuildFile; fileRef = DC68F51D24C2F754001F196D /* Navigator.swift */; };
		DC68F52024C2F772001F196D /* FlowCoordinator.swift in Sources */ = {isa = PBXBuildFile; fileRef = DC68F51F24C2F772001F196D /* FlowCoordinator.swift */; };
		DC68F52224C2F7B0001F196D /* WindowController.swift in Sources */ = {isa = PBXBuildFile; fileRef = DC68F52124C2F7B0001F196D /* WindowController.swift */; };
		DC68F52424C2F7F5001F196D /* ViewControllerFactory.swift in Sources */ = {isa = PBXBuildFile; fileRef = DC68F52324C2F7F5001F196D /* ViewControllerFactory.swift */; };
		DC68F52824C2F927001F196D /* MovieListViewController.swift in Sources */ = {isa = PBXBuildFile; fileRef = DC68F52724C2F927001F196D /* MovieListViewController.swift */; };
		DC68F52B24C2F962001F196D /* MovieListView.swift in Sources */ = {isa = PBXBuildFile; fileRef = DC68F52A24C2F962001F196D /* MovieListView.swift */; };
		DC68F52E24C2F9F8001F196D /* UIColor+Pallete.swift in Sources */ = {isa = PBXBuildFile; fileRef = DC68F52D24C2F9F8001F196D /* UIColor+Pallete.swift */; };
		DC68F53124C2FBD9001F196D /* CurrentlyPlayingSynchronizer.swift in Sources */ = {isa = PBXBuildFile; fileRef = DC68F53024C2FBD9001F196D /* CurrentlyPlayingSynchronizer.swift */; };
		DC68F53424C2FF84001F196D /* ApiClient.swift in Sources */ = {isa = PBXBuildFile; fileRef = DC68F53324C2FF84001F196D /* ApiClient.swift */; };
		DC68F53624C2FFCF001F196D /* Resource.swift in Sources */ = {isa = PBXBuildFile; fileRef = DC68F53524C2FFCF001F196D /* Resource.swift */; };
		DC68F53924C2FFFF001F196D /* CurrentlyPlayingService.swift in Sources */ = {isa = PBXBuildFile; fileRef = DC68F53824C2FFFF001F196D /* CurrentlyPlayingService.swift */; };
		DC68F53B24C30030001F196D /* CurrentlyPlayingResourceFactory.swift in Sources */ = {isa = PBXBuildFile; fileRef = DC68F53A24C30030001F196D /* CurrentlyPlayingResourceFactory.swift */; };
		DC68F53E24C300E6001F196D /* CurrentlyPlayingResponse.swift in Sources */ = {isa = PBXBuildFile; fileRef = DC68F53D24C300E6001F196D /* CurrentlyPlayingResponse.swift */; };
		DC68F54024C30157001F196D /* JSONDecoderProtocol.swift in Sources */ = {isa = PBXBuildFile; fileRef = DC68F53F24C30157001F196D /* JSONDecoderProtocol.swift */; };
		DC68F54224C30168001F196D /* JSONEncoderProtocol.swift in Sources */ = {isa = PBXBuildFile; fileRef = DC68F54124C30168001F196D /* JSONEncoderProtocol.swift */; };
		DC68F54424C30219001F196D /* CurrentMovie.swift in Sources */ = {isa = PBXBuildFile; fileRef = DC68F54324C30219001F196D /* CurrentMovie.swift */; };
		DC68F54724C3025D001F196D /* CurrentlyPlayingPersistor.swift in Sources */ = {isa = PBXBuildFile; fileRef = DC68F54624C3025D001F196D /* CurrentlyPlayingPersistor.swift */; };
		DC68F54924C30359001F196D /* UserDefaultsProtocol.swift in Sources */ = {isa = PBXBuildFile; fileRef = DC68F54824C30359001F196D /* UserDefaultsProtocol.swift */; };
		DC68F54B24C30463001F196D /* DependencyContainer.swift in Sources */ = {isa = PBXBuildFile; fileRef = DC68F54A24C30463001F196D /* DependencyContainer.swift */; };
		DC794B0F24C312F400FCDDEE /* CurrentlyPlayingMapper.swift in Sources */ = {isa = PBXBuildFile; fileRef = DC794B0E24C312F400FCDDEE /* CurrentlyPlayingMapper.swift */; };
		DC794B1224C3133400FCDDEE /* TMDBCurrentMovie.swift in Sources */ = {isa = PBXBuildFile; fileRef = DC794B1124C3133400FCDDEE /* TMDBCurrentMovie.swift */; };
		DC794B1424C31F8900FCDDEE /* MovieListDataSource.swift in Sources */ = {isa = PBXBuildFile; fileRef = DC794B1324C31F8900FCDDEE /* MovieListDataSource.swift */; };
		DC794B1624C323A300FCDDEE /* UITableView+Convenience.swift in Sources */ = {isa = PBXBuildFile; fileRef = DC794B1524C323A300FCDDEE /* UITableView+Convenience.swift */; };
		DC794B1924C32AF100FCDDEE /* MovieListItemCell.swift in Sources */ = {isa = PBXBuildFile; fileRef = DC794B1824C32AF100FCDDEE /* MovieListItemCell.swift */; };
		DC794B1B24C32B0C00FCDDEE /* Registerable.swift in Sources */ = {isa = PBXBuildFile; fileRef = DC794B1A24C32B0C00FCDDEE /* Registerable.swift */; };
		DC794B1D24C32B3F00FCDDEE /* MovieListItemCell.xib in Resources */ = {isa = PBXBuildFile; fileRef = DC794B1C24C32B3F00FCDDEE /* MovieListItemCell.xib */; };
		DC794B1F24C339B100FCDDEE /* UILabel+Convenience.swift in Sources */ = {isa = PBXBuildFile; fileRef = DC794B1E24C339B100FCDDEE /* UILabel+Convenience.swift */; };
		DC794B2224C339DA00FCDDEE /* LabelConfig.swift in Sources */ = {isa = PBXBuildFile; fileRef = DC794B2124C339DA00FCDDEE /* LabelConfig.swift */; };
		DC794B2424C33B4F00FCDDEE /* UIFont+Convenience.swift in Sources */ = {isa = PBXBuildFile; fileRef = DC794B2324C33B4F00FCDDEE /* UIFont+Convenience.swift */; };
		DC794B2724C3421500FCDDEE /* NumberFormatterFactory.swift in Sources */ = {isa = PBXBuildFile; fileRef = DC794B2624C3421500FCDDEE /* NumberFormatterFactory.swift */; };
		DC794B2924C3466A00FCDDEE /* UIView+Convenience.swift in Sources */ = {isa = PBXBuildFile; fileRef = DC794B2824C3466A00FCDDEE /* UIView+Convenience.swift */; };
		DC794B2B24C3506700FCDDEE /* AppearanceChanger.swift in Sources */ = {isa = PBXBuildFile; fileRef = DC794B2A24C3506700FCDDEE /* AppearanceChanger.swift */; };
		DC794B2E24C3592700FCDDEE /* MovieDetailsViewController.swift in Sources */ = {isa = PBXBuildFile; fileRef = DC794B2D24C3592700FCDDEE /* MovieDetailsViewController.swift */; };
		DC794B3024C3593700FCDDEE /* MovieDetailsView.swift in Sources */ = {isa = PBXBuildFile; fileRef = DC794B2F24C3593700FCDDEE /* MovieDetailsView.swift */; };
		DC794B3224C3594500FCDDEE /* MovieDetailsDataSource.swift in Sources */ = {isa = PBXBuildFile; fileRef = DC794B3124C3594500FCDDEE /* MovieDetailsDataSource.swift */; };
		DC794B3524C35C3700FCDDEE /* MovieDetailsPosterCell.swift in Sources */ = {isa = PBXBuildFile; fileRef = DC794B3424C35C3700FCDDEE /* MovieDetailsPosterCell.swift */; };
		DC794B3724C35C9B00FCDDEE /* MovieDetailsPosterCell.xib in Resources */ = {isa = PBXBuildFile; fileRef = DC794B3624C35C9B00FCDDEE /* MovieDetailsPosterCell.xib */; };
		DC794B3924C3602A00FCDDEE /* MovieDetailsInfoCell.swift in Sources */ = {isa = PBXBuildFile; fileRef = DC794B3824C3602A00FCDDEE /* MovieDetailsInfoCell.swift */; };
		DC794B3B24C3605100FCDDEE /* MovieDetailsInfoCell.xib in Resources */ = {isa = PBXBuildFile; fileRef = DC794B3A24C3605100FCDDEE /* MovieDetailsInfoCell.xib */; };
		DC794B3D24C36C0900FCDDEE /* MovieDetailsOverviewCell.swift in Sources */ = {isa = PBXBuildFile; fileRef = DC794B3C24C36C0900FCDDEE /* MovieDetailsOverviewCell.swift */; };
		DC794B3F24C36C2C00FCDDEE /* MovieDetailsOverviewCell.xib in Resources */ = {isa = PBXBuildFile; fileRef = DC794B3E24C36C2C00FCDDEE /* MovieDetailsOverviewCell.xib */; };
		DC794B4224C444F600FCDDEE /* FavouriteMoviePersistor.swift in Sources */ = {isa = PBXBuildFile; fileRef = DC794B4124C444F600FCDDEE /* FavouriteMoviePersistor.swift */; };
		DC794B4424C44F7400FCDDEE /* UIImage+Convenience.swift in Sources */ = {isa = PBXBuildFile; fileRef = DC794B4324C44F7400FCDDEE /* UIImage+Convenience.swift */; };
		DC794B4724C45EF900FCDDEE /* SearchMoviesService.swift in Sources */ = {isa = PBXBuildFile; fileRef = DC794B4624C45EF900FCDDEE /* SearchMoviesService.swift */; };
		DC794B4924C45F1700FCDDEE /* SearchMoviesResourceFactory.swift in Sources */ = {isa = PBXBuildFile; fileRef = DC794B4824C45F1700FCDDEE /* SearchMoviesResourceFactory.swift */; };
		DC794B4B24C45F5300FCDDEE /* SearchMovieResponse.swift in Sources */ = {isa = PBXBuildFile; fileRef = DC794B4A24C45F5300FCDDEE /* SearchMovieResponse.swift */; };
		DC794B4E24C4605C00FCDDEE /* SearchMoviesPersistor.swift in Sources */ = {isa = PBXBuildFile; fileRef = DC794B4D24C4605C00FCDDEE /* SearchMoviesPersistor.swift */; };
		DC794B5024C460D600FCDDEE /* SearchMoviesSynchronizer.swift in Sources */ = {isa = PBXBuildFile; fileRef = DC794B4F24C460D600FCDDEE /* SearchMoviesSynchronizer.swift */; };
		DC794B5224C4610A00FCDDEE /* SearchMoviesMapper.swift in Sources */ = {isa = PBXBuildFile; fileRef = DC794B5124C4610A00FCDDEE /* SearchMoviesMapper.swift */; };
		DC794B5424C4995300FCDDEE /* FlowCoordinatorSpec.swift in Sources */ = {isa = PBXBuildFile; fileRef = DC794B5324C4995300FCDDEE /* FlowCoordinatorSpec.swift */; };
		DC794B5724C4999700FCDDEE /* FakeViewControllerFactory.swift in Sources */ = {isa = PBXBuildFile; fileRef = DC794B5624C4999700FCDDEE /* FakeViewControllerFactory.swift */; };
		DC794B5924C49A8800FCDDEE /* FakeNavigator.swift in Sources */ = {isa = PBXBuildFile; fileRef = DC794B5824C49A8800FCDDEE /* FakeNavigator.swift */; };
		DC794B5C24C49B0D00FCDDEE /* CurrentMovie+Fixture.swift in Sources */ = {isa = PBXBuildFile; fileRef = DC794B5B24C49B0D00FCDDEE /* CurrentMovie+Fixture.swift */; };
/* End PBXBuildFile section */

/* Begin PBXContainerItemProxy section */
		DC68F50E24C2F41C001F196D /* PBXContainerItemProxy */ = {
			isa = PBXContainerItemProxy;
			containerPortal = DC68F4EF24C2F419001F196D /* Project object */;
			proxyType = 1;
			remoteGlobalIDString = DC68F4F624C2F419001F196D;
			remoteInfo = MovieList;
		};
/* End PBXContainerItemProxy section */

/* Begin PBXFileReference section */
		023EA5EEB617717735975314 /* Pods-MovieList.release.xcconfig */ = {isa = PBXFileReference; includeInIndex = 1; lastKnownFileType = text.xcconfig; name = "Pods-MovieList.release.xcconfig"; path = "Target Support Files/Pods-MovieList/Pods-MovieList.release.xcconfig"; sourceTree = "<group>"; };
		04510F7E80747B6263E53C58 /* Pods_MovieList.framework */ = {isa = PBXFileReference; explicitFileType = wrapper.framework; includeInIndex = 0; path = Pods_MovieList.framework; sourceTree = BUILT_PRODUCTS_DIR; };
		060C5356821DCBC83DAED524 /* Pods-MovieListTests.debug.xcconfig */ = {isa = PBXFileReference; includeInIndex = 1; lastKnownFileType = text.xcconfig; name = "Pods-MovieListTests.debug.xcconfig"; path = "Target Support Files/Pods-MovieListTests/Pods-MovieListTests.debug.xcconfig"; sourceTree = "<group>"; };
		8C270B5CB8B6D6FF714D0570 /* Pods_MovieListTests.framework */ = {isa = PBXFileReference; explicitFileType = wrapper.framework; includeInIndex = 0; path = Pods_MovieListTests.framework; sourceTree = BUILT_PRODUCTS_DIR; };
		DC68F4F724C2F419001F196D /* MovieList.app */ = {isa = PBXFileReference; explicitFileType = wrapper.application; includeInIndex = 0; path = MovieList.app; sourceTree = BUILT_PRODUCTS_DIR; };
		DC68F4FA24C2F419001F196D /* AppDelegate.swift */ = {isa = PBXFileReference; lastKnownFileType = sourcecode.swift; path = AppDelegate.swift; sourceTree = "<group>"; };
		DC68F50324C2F41C001F196D /* Assets.xcassets */ = {isa = PBXFileReference; lastKnownFileType = folder.assetcatalog; path = Assets.xcassets; sourceTree = "<group>"; };
		DC68F50624C2F41C001F196D /* Base */ = {isa = PBXFileReference; lastKnownFileType = file.storyboard; name = Base; path = Base.lproj/LaunchScreen.storyboard; sourceTree = "<group>"; };
		DC68F50824C2F41C001F196D /* Info.plist */ = {isa = PBXFileReference; lastKnownFileType = text.plist.xml; path = Info.plist; sourceTree = "<group>"; };
		DC68F50D24C2F41C001F196D /* MovieListTests.xctest */ = {isa = PBXFileReference; explicitFileType = wrapper.cfbundle; includeInIndex = 0; path = MovieListTests.xctest; sourceTree = BUILT_PRODUCTS_DIR; };
		DC68F51324C2F41C001F196D /* Info.plist */ = {isa = PBXFileReference; lastKnownFileType = text.plist.xml; path = Info.plist; sourceTree = "<group>"; };
		DC68F51D24C2F754001F196D /* Navigator.swift */ = {isa = PBXFileReference; lastKnownFileType = sourcecode.swift; path = Navigator.swift; sourceTree = "<group>"; };
		DC68F51F24C2F772001F196D /* FlowCoordinator.swift */ = {isa = PBXFileReference; lastKnownFileType = sourcecode.swift; path = FlowCoordinator.swift; sourceTree = "<group>"; };
		DC68F52124C2F7B0001F196D /* WindowController.swift */ = {isa = PBXFileReference; lastKnownFileType = sourcecode.swift; path = WindowController.swift; sourceTree = "<group>"; };
		DC68F52324C2F7F5001F196D /* ViewControllerFactory.swift */ = {isa = PBXFileReference; lastKnownFileType = sourcecode.swift; path = ViewControllerFactory.swift; sourceTree = "<group>"; };
		DC68F52724C2F927001F196D /* MovieListViewController.swift */ = {isa = PBXFileReference; lastKnownFileType = sourcecode.swift; path = MovieListViewController.swift; sourceTree = "<group>"; };
		DC68F52A24C2F962001F196D /* MovieListView.swift */ = {isa = PBXFileReference; lastKnownFileType = sourcecode.swift; path = MovieListView.swift; sourceTree = "<group>"; };
		DC68F52D24C2F9F8001F196D /* UIColor+Pallete.swift */ = {isa = PBXFileReference; lastKnownFileType = sourcecode.swift; path = "UIColor+Pallete.swift"; sourceTree = "<group>"; };
		DC68F53024C2FBD9001F196D /* CurrentlyPlayingSynchronizer.swift */ = {isa = PBXFileReference; lastKnownFileType = sourcecode.swift; path = CurrentlyPlayingSynchronizer.swift; sourceTree = "<group>"; };
		DC68F53324C2FF84001F196D /* ApiClient.swift */ = {isa = PBXFileReference; lastKnownFileType = sourcecode.swift; path = ApiClient.swift; sourceTree = "<group>"; };
		DC68F53524C2FFCF001F196D /* Resource.swift */ = {isa = PBXFileReference; lastKnownFileType = sourcecode.swift; path = Resource.swift; sourceTree = "<group>"; };
		DC68F53824C2FFFF001F196D /* CurrentlyPlayingService.swift */ = {isa = PBXFileReference; lastKnownFileType = sourcecode.swift; path = CurrentlyPlayingService.swift; sourceTree = "<group>"; };
		DC68F53A24C30030001F196D /* CurrentlyPlayingResourceFactory.swift */ = {isa = PBXFileReference; lastKnownFileType = sourcecode.swift; path = CurrentlyPlayingResourceFactory.swift; sourceTree = "<group>"; };
		DC68F53D24C300E6001F196D /* CurrentlyPlayingResponse.swift */ = {isa = PBXFileReference; lastKnownFileType = sourcecode.swift; path = CurrentlyPlayingResponse.swift; sourceTree = "<group>"; };
		DC68F53F24C30157001F196D /* JSONDecoderProtocol.swift */ = {isa = PBXFileReference; lastKnownFileType = sourcecode.swift; path = JSONDecoderProtocol.swift; sourceTree = "<group>"; };
		DC68F54124C30168001F196D /* JSONEncoderProtocol.swift */ = {isa = PBXFileReference; lastKnownFileType = sourcecode.swift; path = JSONEncoderProtocol.swift; sourceTree = "<group>"; };
		DC68F54324C30219001F196D /* CurrentMovie.swift */ = {isa = PBXFileReference; lastKnownFileType = sourcecode.swift; path = CurrentMovie.swift; sourceTree = "<group>"; };
		DC68F54624C3025D001F196D /* CurrentlyPlayingPersistor.swift */ = {isa = PBXFileReference; lastKnownFileType = sourcecode.swift; path = CurrentlyPlayingPersistor.swift; sourceTree = "<group>"; };
		DC68F54824C30359001F196D /* UserDefaultsProtocol.swift */ = {isa = PBXFileReference; lastKnownFileType = sourcecode.swift; path = UserDefaultsProtocol.swift; sourceTree = "<group>"; };
		DC68F54A24C30463001F196D /* DependencyContainer.swift */ = {isa = PBXFileReference; lastKnownFileType = sourcecode.swift; path = DependencyContainer.swift; sourceTree = "<group>"; };
		DC794B0E24C312F400FCDDEE /* CurrentlyPlayingMapper.swift */ = {isa = PBXFileReference; lastKnownFileType = sourcecode.swift; path = CurrentlyPlayingMapper.swift; sourceTree = "<group>"; };
		DC794B1124C3133400FCDDEE /* TMDBCurrentMovie.swift */ = {isa = PBXFileReference; lastKnownFileType = sourcecode.swift; path = TMDBCurrentMovie.swift; sourceTree = "<group>"; };
		DC794B1324C31F8900FCDDEE /* MovieListDataSource.swift */ = {isa = PBXFileReference; lastKnownFileType = sourcecode.swift; path = MovieListDataSource.swift; sourceTree = "<group>"; };
		DC794B1524C323A300FCDDEE /* UITableView+Convenience.swift */ = {isa = PBXFileReference; lastKnownFileType = sourcecode.swift; path = "UITableView+Convenience.swift"; sourceTree = "<group>"; };
		DC794B1824C32AF100FCDDEE /* MovieListItemCell.swift */ = {isa = PBXFileReference; lastKnownFileType = sourcecode.swift; path = MovieListItemCell.swift; sourceTree = "<group>"; };
		DC794B1A24C32B0C00FCDDEE /* Registerable.swift */ = {isa = PBXFileReference; lastKnownFileType = sourcecode.swift; path = Registerable.swift; sourceTree = "<group>"; };
		DC794B1C24C32B3F00FCDDEE /* MovieListItemCell.xib */ = {isa = PBXFileReference; lastKnownFileType = file.xib; path = MovieListItemCell.xib; sourceTree = "<group>"; };
		DC794B1E24C339B100FCDDEE /* UILabel+Convenience.swift */ = {isa = PBXFileReference; lastKnownFileType = sourcecode.swift; path = "UILabel+Convenience.swift"; sourceTree = "<group>"; };
		DC794B2124C339DA00FCDDEE /* LabelConfig.swift */ = {isa = PBXFileReference; lastKnownFileType = sourcecode.swift; path = LabelConfig.swift; sourceTree = "<group>"; };
		DC794B2324C33B4F00FCDDEE /* UIFont+Convenience.swift */ = {isa = PBXFileReference; lastKnownFileType = sourcecode.swift; path = "UIFont+Convenience.swift"; sourceTree = "<group>"; };
		DC794B2624C3421500FCDDEE /* NumberFormatterFactory.swift */ = {isa = PBXFileReference; lastKnownFileType = sourcecode.swift; path = NumberFormatterFactory.swift; sourceTree = "<group>"; };
		DC794B2824C3466A00FCDDEE /* UIView+Convenience.swift */ = {isa = PBXFileReference; lastKnownFileType = sourcecode.swift; path = "UIView+Convenience.swift"; sourceTree = "<group>"; };
		DC794B2A24C3506700FCDDEE /* AppearanceChanger.swift */ = {isa = PBXFileReference; lastKnownFileType = sourcecode.swift; path = AppearanceChanger.swift; sourceTree = "<group>"; };
		DC794B2D24C3592700FCDDEE /* MovieDetailsViewController.swift */ = {isa = PBXFileReference; lastKnownFileType = sourcecode.swift; path = MovieDetailsViewController.swift; sourceTree = "<group>"; };
		DC794B2F24C3593700FCDDEE /* MovieDetailsView.swift */ = {isa = PBXFileReference; lastKnownFileType = sourcecode.swift; path = MovieDetailsView.swift; sourceTree = "<group>"; };
		DC794B3124C3594500FCDDEE /* MovieDetailsDataSource.swift */ = {isa = PBXFileReference; lastKnownFileType = sourcecode.swift; path = MovieDetailsDataSource.swift; sourceTree = "<group>"; };
		DC794B3424C35C3700FCDDEE /* MovieDetailsPosterCell.swift */ = {isa = PBXFileReference; lastKnownFileType = sourcecode.swift; path = MovieDetailsPosterCell.swift; sourceTree = "<group>"; };
		DC794B3624C35C9B00FCDDEE /* MovieDetailsPosterCell.xib */ = {isa = PBXFileReference; lastKnownFileType = file.xib; path = MovieDetailsPosterCell.xib; sourceTree = "<group>"; };
		DC794B3824C3602A00FCDDEE /* MovieDetailsInfoCell.swift */ = {isa = PBXFileReference; lastKnownFileType = sourcecode.swift; path = MovieDetailsInfoCell.swift; sourceTree = "<group>"; };
		DC794B3A24C3605100FCDDEE /* MovieDetailsInfoCell.xib */ = {isa = PBXFileReference; lastKnownFileType = file.xib; path = MovieDetailsInfoCell.xib; sourceTree = "<group>"; };
		DC794B3C24C36C0900FCDDEE /* MovieDetailsOverviewCell.swift */ = {isa = PBXFileReference; lastKnownFileType = sourcecode.swift; path = MovieDetailsOverviewCell.swift; sourceTree = "<group>"; };
		DC794B3E24C36C2C00FCDDEE /* MovieDetailsOverviewCell.xib */ = {isa = PBXFileReference; lastKnownFileType = file.xib; path = MovieDetailsOverviewCell.xib; sourceTree = "<group>"; };
		DC794B4124C444F600FCDDEE /* FavouriteMoviePersistor.swift */ = {isa = PBXFileReference; lastKnownFileType = sourcecode.swift; path = FavouriteMoviePersistor.swift; sourceTree = "<group>"; };
		DC794B4324C44F7400FCDDEE /* UIImage+Convenience.swift */ = {isa = PBXFileReference; lastKnownFileType = sourcecode.swift; path = "UIImage+Convenience.swift"; sourceTree = "<group>"; };
		DC794B4624C45EF900FCDDEE /* SearchMoviesService.swift */ = {isa = PBXFileReference; lastKnownFileType = sourcecode.swift; path = SearchMoviesService.swift; sourceTree = "<group>"; };
		DC794B4824C45F1700FCDDEE /* SearchMoviesResourceFactory.swift */ = {isa = PBXFileReference; lastKnownFileType = sourcecode.swift; path = SearchMoviesResourceFactory.swift; sourceTree = "<group>"; };
		DC794B4A24C45F5300FCDDEE /* SearchMovieResponse.swift */ = {isa = PBXFileReference; lastKnownFileType = sourcecode.swift; path = SearchMovieResponse.swift; sourceTree = "<group>"; };
		DC794B4D24C4605C00FCDDEE /* SearchMoviesPersistor.swift */ = {isa = PBXFileReference; lastKnownFileType = sourcecode.swift; path = SearchMoviesPersistor.swift; sourceTree = "<group>"; };
		DC794B4F24C460D600FCDDEE /* SearchMoviesSynchronizer.swift */ = {isa = PBXFileReference; lastKnownFileType = sourcecode.swift; path = SearchMoviesSynchronizer.swift; sourceTree = "<group>"; };
		DC794B5124C4610A00FCDDEE /* SearchMoviesMapper.swift */ = {isa = PBXFileReference; lastKnownFileType = sourcecode.swift; path = SearchMoviesMapper.swift; sourceTree = "<group>"; };
		DC794B5324C4995300FCDDEE /* FlowCoordinatorSpec.swift */ = {isa = PBXFileReference; lastKnownFileType = sourcecode.swift; path = FlowCoordinatorSpec.swift; sourceTree = "<group>"; };
		DC794B5624C4999700FCDDEE /* FakeViewControllerFactory.swift */ = {isa = PBXFileReference; lastKnownFileType = sourcecode.swift; path = FakeViewControllerFactory.swift; sourceTree = "<group>"; };
		DC794B5824C49A8800FCDDEE /* FakeNavigator.swift */ = {isa = PBXFileReference; lastKnownFileType = sourcecode.swift; path = FakeNavigator.swift; sourceTree = "<group>"; };
		DC794B5B24C49B0D00FCDDEE /* CurrentMovie+Fixture.swift */ = {isa = PBXFileReference; lastKnownFileType = sourcecode.swift; path = "CurrentMovie+Fixture.swift"; sourceTree = "<group>"; };
		F960041CF199BD024681FBDA /* Pods-MovieList.debug.xcconfig */ = {isa = PBXFileReference; includeInIndex = 1; lastKnownFileType = text.xcconfig; name = "Pods-MovieList.debug.xcconfig"; path = "Target Support Files/Pods-MovieList/Pods-MovieList.debug.xcconfig"; sourceTree = "<group>"; };
		FE29A4D8E43D6E87C42D8460 /* Pods-MovieListTests.release.xcconfig */ = {isa = PBXFileReference; includeInIndex = 1; lastKnownFileType = text.xcconfig; name = "Pods-MovieListTests.release.xcconfig"; path = "Target Support Files/Pods-MovieListTests/Pods-MovieListTests.release.xcconfig"; sourceTree = "<group>"; };
/* End PBXFileReference section */

/* Begin PBXFrameworksBuildPhase section */
		DC68F4F424C2F419001F196D /* Frameworks */ = {
			isa = PBXFrameworksBuildPhase;
			buildActionMask = 2147483647;
			files = (
				338A10C722588BBE1FFC782A /* Pods_MovieList.framework in Frameworks */,
			);
			runOnlyForDeploymentPostprocessing = 0;
		};
		DC68F50A24C2F41C001F196D /* Frameworks */ = {
			isa = PBXFrameworksBuildPhase;
			buildActionMask = 2147483647;
			files = (
				05E94DEE026CCB4CD64F1AEB /* Pods_MovieListTests.framework in Frameworks */,
			);
			runOnlyForDeploymentPostprocessing = 0;
		};
/* End PBXFrameworksBuildPhase section */

/* Begin PBXGroup section */
		1F6B5DBF2A170E8F4C133831 /* Pods */ = {
			isa = PBXGroup;
			children = (
				F960041CF199BD024681FBDA /* Pods-MovieList.debug.xcconfig */,
				023EA5EEB617717735975314 /* Pods-MovieList.release.xcconfig */,
				060C5356821DCBC83DAED524 /* Pods-MovieListTests.debug.xcconfig */,
				FE29A4D8E43D6E87C42D8460 /* Pods-MovieListTests.release.xcconfig */,
			);
			path = Pods;
			sourceTree = "<group>";
		};
		25B50E278F44EE19F4039B2E /* Frameworks */ = {
			isa = PBXGroup;
			children = (
				04510F7E80747B6263E53C58 /* Pods_MovieList.framework */,
				8C270B5CB8B6D6FF714D0570 /* Pods_MovieListTests.framework */,
			);
			name = Frameworks;
			sourceTree = "<group>";
		};
		DC68F4EE24C2F419001F196D = {
			isa = PBXGroup;
			children = (
				DC68F4F924C2F419001F196D /* MovieList */,
				DC68F51024C2F41C001F196D /* MovieListTests */,
				DC68F4F824C2F419001F196D /* Products */,
				1F6B5DBF2A170E8F4C133831 /* Pods */,
				25B50E278F44EE19F4039B2E /* Frameworks */,
			);
			sourceTree = "<group>";
		};
		DC68F4F824C2F419001F196D /* Products */ = {
			isa = PBXGroup;
			children = (
				DC68F4F724C2F419001F196D /* MovieList.app */,
				DC68F50D24C2F41C001F196D /* MovieListTests.xctest */,
			);
			name = Products;
			sourceTree = "<group>";
		};
		DC68F4F924C2F419001F196D /* MovieList */ = {
			isa = PBXGroup;
			children = (
				DC68F4FA24C2F419001F196D /* AppDelegate.swift */,
				DC68F50324C2F41C001F196D /* Assets.xcassets */,
				DC68F53224C2FBF7001F196D /* Connectivity */,
				DC68F52C24C2F9C7001F196D /* Convenience */,
				DC68F50824C2F41C001F196D /* Info.plist */,
				DC68F50524C2F41C001F196D /* LaunchScreen.storyboard */,
				DC68F53C24C30093001F196D /* Model */,
				DC68F52F24C2FACA001F196D /* Persistence */,
				DC68F51C24C2F684001F196D /* Presentation */,
			);
			path = MovieList;
			sourceTree = "<group>";
		};
		DC68F51024C2F41C001F196D /* MovieListTests */ = {
			isa = PBXGroup;
			children = (
				DC794B5A24C49AFC00FCDDEE /* Fixtures */,
				DC794B5524C4998900FCDDEE /* Fakes */,
				DC68F51324C2F41C001F196D /* Info.plist */,
			);
			path = MovieListTests;
			sourceTree = "<group>";
		};
		DC68F51C24C2F684001F196D /* Presentation */ = {
			isa = PBXGroup;
			children = (
				DC794B2A24C3506700FCDDEE /* AppearanceChanger.swift */,
				DC68F51F24C2F772001F196D /* FlowCoordinator.swift */,
				DC794B5324C4995300FCDDEE /* FlowCoordinatorSpec.swift */,
				DC794B2524C341F100FCDDEE /* Formatters */,
				DC68F52524C2F90B001F196D /* Modules */,
				DC68F51D24C2F754001F196D /* Navigator.swift */,
				DC794B2024C339C100FCDDEE /* UI configs */,
				DC68F52324C2F7F5001F196D /* ViewControllerFactory.swift */,
				DC68F52124C2F7B0001F196D /* WindowController.swift */,
			);
			path = Presentation;
			sourceTree = "<group>";
		};
		DC68F52524C2F90B001F196D /* Modules */ = {
			isa = PBXGroup;
			children = (
				DC794B2C24C3590800FCDDEE /* Movie Details */,
				DC68F52624C2F912001F196D /* Movie List */,
			);
			path = Modules;
			sourceTree = "<group>";
		};
		DC68F52624C2F912001F196D /* Movie List */ = {
			isa = PBXGroup;
			children = (
				DC794B1724C32AE000FCDDEE /* Cells */,
				DC794B1324C31F8900FCDDEE /* MovieListDataSource.swift */,
				DC68F52A24C2F962001F196D /* MovieListView.swift */,
				DC68F52724C2F927001F196D /* MovieListViewController.swift */,
			);
			path = "Movie List";
			sourceTree = "<group>";
		};
		DC68F52C24C2F9C7001F196D /* Convenience */ = {
			isa = PBXGroup;
			children = (
				DC68F54A24C30463001F196D /* DependencyContainer.swift */,
				DC68F53F24C30157001F196D /* JSONDecoderProtocol.swift */,
				DC68F54124C30168001F196D /* JSONEncoderProtocol.swift */,
				DC794B1A24C32B0C00FCDDEE /* Registerable.swift */,
				DC68F52D24C2F9F8001F196D /* UIColor+Pallete.swift */,
				DC794B2324C33B4F00FCDDEE /* UIFont+Convenience.swift */,
				DC794B4324C44F7400FCDDEE /* UIImage+Convenience.swift */,
				DC794B1E24C339B100FCDDEE /* UILabel+Convenience.swift */,
				DC794B1524C323A300FCDDEE /* UITableView+Convenience.swift */,
				DC794B2824C3466A00FCDDEE /* UIView+Convenience.swift */,
				DC68F54824C30359001F196D /* UserDefaultsProtocol.swift */,
			);
			path = Convenience;
			sourceTree = "<group>";
		};
		DC68F52F24C2FACA001F196D /* Persistence */ = {
			isa = PBXGroup;
			children = (
				DC68F54524C3024D001F196D /* Currently Playing */,
				DC794B4024C444D000FCDDEE /* Favourites */,
				DC794B4C24C4602C00FCDDEE /* Search Movie */,
			);
			path = Persistence;
			sourceTree = "<group>";
		};
		DC68F53224C2FBF7001F196D /* Connectivity */ = {
			isa = PBXGroup;
			children = (
				DC68F53324C2FF84001F196D /* ApiClient.swift */,
				DC68F53724C2FFE6001F196D /* Currently Playing Service */,
				DC68F53524C2FFCF001F196D /* Resource.swift */,
				DC794B4524C45EDF00FCDDEE /* Search Movies Service */,
			);
			path = Connectivity;
			sourceTree = "<group>";
		};
		DC68F53724C2FFE6001F196D /* Currently Playing Service */ = {
			isa = PBXGroup;
			children = (
				DC68F53A24C30030001F196D /* CurrentlyPlayingResourceFactory.swift */,
				DC68F53824C2FFFF001F196D /* CurrentlyPlayingService.swift */,
			);
			path = "Currently Playing Service";
			sourceTree = "<group>";
		};
		DC68F53C24C30093001F196D /* Model */ = {
			isa = PBXGroup;
			children = (
				DC68F54324C30219001F196D /* CurrentMovie.swift */,
				DC794B1024C3132400FCDDEE /* TMDB */,
			);
			path = Model;
			sourceTree = "<group>";
		};
		DC68F54524C3024D001F196D /* Currently Playing */ = {
			isa = PBXGroup;
			children = (
				DC794B0E24C312F400FCDDEE /* CurrentlyPlayingMapper.swift */,
				DC68F54624C3025D001F196D /* CurrentlyPlayingPersistor.swift */,
				DC68F53024C2FBD9001F196D /* CurrentlyPlayingSynchronizer.swift */,
			);
			path = "Currently Playing";
			sourceTree = "<group>";
		};
		DC794B1024C3132400FCDDEE /* TMDB */ = {
			isa = PBXGroup;
			children = (
				DC68F53D24C300E6001F196D /* CurrentlyPlayingResponse.swift */,
				DC794B4A24C45F5300FCDDEE /* SearchMovieResponse.swift */,
				DC794B1124C3133400FCDDEE /* TMDBCurrentMovie.swift */,
			);
			path = TMDB;
			sourceTree = "<group>";
		};
		DC794B1724C32AE000FCDDEE /* Cells */ = {
			isa = PBXGroup;
			children = (
				DC794B1824C32AF100FCDDEE /* MovieListItemCell.swift */,
				DC794B1C24C32B3F00FCDDEE /* MovieListItemCell.xib */,
			);
			path = Cells;
			sourceTree = "<group>";
		};
		DC794B2024C339C100FCDDEE /* UI configs */ = {
			isa = PBXGroup;
			children = (
				DC794B2124C339DA00FCDDEE /* LabelConfig.swift */,
			);
			path = "UI configs";
			sourceTree = "<group>";
		};
		DC794B2524C341F100FCDDEE /* Formatters */ = {
			isa = PBXGroup;
			children = (
				DC794B2624C3421500FCDDEE /* NumberFormatterFactory.swift */,
			);
			path = Formatters;
			sourceTree = "<group>";
		};
		DC794B2C24C3590800FCDDEE /* Movie Details */ = {
			isa = PBXGroup;
			children = (
				DC794B3324C35C2700FCDDEE /* Cells */,
				DC794B3124C3594500FCDDEE /* MovieDetailsDataSource.swift */,
				DC794B2F24C3593700FCDDEE /* MovieDetailsView.swift */,
				DC794B2D24C3592700FCDDEE /* MovieDetailsViewController.swift */,
			);
			path = "Movie Details";
			sourceTree = "<group>";
		};
		DC794B3324C35C2700FCDDEE /* Cells */ = {
			isa = PBXGroup;
			children = (
				DC794B3824C3602A00FCDDEE /* MovieDetailsInfoCell.swift */,
				DC794B3A24C3605100FCDDEE /* MovieDetailsInfoCell.xib */,
				DC794B3C24C36C0900FCDDEE /* MovieDetailsOverviewCell.swift */,
				DC794B3E24C36C2C00FCDDEE /* MovieDetailsOverviewCell.xib */,
				DC794B3424C35C3700FCDDEE /* MovieDetailsPosterCell.swift */,
				DC794B3624C35C9B00FCDDEE /* MovieDetailsPosterCell.xib */,
			);
			path = Cells;
			sourceTree = "<group>";
		};
		DC794B4024C444D000FCDDEE /* Favourites */ = {
			isa = PBXGroup;
			children = (
				DC794B4124C444F600FCDDEE /* FavouriteMoviePersistor.swift */,
			);
			path = Favourites;
			sourceTree = "<group>";
		};
		DC794B4524C45EDF00FCDDEE /* Search Movies Service */ = {
			isa = PBXGroup;
			children = (
				DC794B4824C45F1700FCDDEE /* SearchMoviesResourceFactory.swift */,
				DC794B4624C45EF900FCDDEE /* SearchMoviesService.swift */,
			);
			path = "Search Movies Service";
			sourceTree = "<group>";
		};
		DC794B4C24C4602C00FCDDEE /* Search Movie */ = {
			isa = PBXGroup;
			children = (
				DC794B5124C4610A00FCDDEE /* SearchMoviesMapper.swift */,
				DC794B4D24C4605C00FCDDEE /* SearchMoviesPersistor.swift */,
				DC794B4F24C460D600FCDDEE /* SearchMoviesSynchronizer.swift */,
			);
			path = "Search Movie";
			sourceTree = "<group>";
		};
		DC794B5524C4998900FCDDEE /* Fakes */ = {
			isa = PBXGroup;
			children = (
				DC794B5624C4999700FCDDEE /* FakeViewControllerFactory.swift */,
				DC794B5824C49A8800FCDDEE /* FakeNavigator.swift */,
			);
			path = Fakes;
			sourceTree = "<group>";
		};
		DC794B5A24C49AFC00FCDDEE /* Fixtures */ = {
			isa = PBXGroup;
			children = (
				DC794B5B24C49B0D00FCDDEE /* CurrentMovie+Fixture.swift */,
			);
			path = Fixtures;
			sourceTree = "<group>";
		};
/* End PBXGroup section */

/* Begin PBXNativeTarget section */
		DC68F4F624C2F419001F196D /* MovieList */ = {
			isa = PBXNativeTarget;
			buildConfigurationList = DC68F51624C2F41C001F196D /* Build configuration list for PBXNativeTarget "MovieList" */;
			buildPhases = (
				42802D3EE919FC3FE7D8A4D1 /* [CP] Check Pods Manifest.lock */,
				DC68F4F324C2F419001F196D /* Sources */,
				DC68F4F424C2F419001F196D /* Frameworks */,
				DC68F4F524C2F419001F196D /* Resources */,
				0FF76E256844027A28FE3D80 /* [CP] Embed Pods Frameworks */,
			);
			buildRules = (
			);
			dependencies = (
			);
			name = MovieList;
			productName = MovieList;
			productReference = DC68F4F724C2F419001F196D /* MovieList.app */;
			productType = "com.apple.product-type.application";
		};
		DC68F50C24C2F41C001F196D /* MovieListTests */ = {
			isa = PBXNativeTarget;
			buildConfigurationList = DC68F51924C2F41C001F196D /* Build configuration list for PBXNativeTarget "MovieListTests" */;
			buildPhases = (
				56F59D819B9B6B95A4F578BC /* [CP] Check Pods Manifest.lock */,
				DC68F50924C2F41C001F196D /* Sources */,
				DC68F50A24C2F41C001F196D /* Frameworks */,
				DC68F50B24C2F41C001F196D /* Resources */,
				50C2484D20E29D96A0446722 /* [CP] Embed Pods Frameworks */,
			);
			buildRules = (
			);
			dependencies = (
				DC68F50F24C2F41C001F196D /* PBXTargetDependency */,
			);
			name = MovieListTests;
			productName = MovieListTests;
			productReference = DC68F50D24C2F41C001F196D /* MovieListTests.xctest */;
			productType = "com.apple.product-type.bundle.unit-test";
		};
/* End PBXNativeTarget section */

/* Begin PBXProject section */
		DC68F4EF24C2F419001F196D /* Project object */ = {
			isa = PBXProject;
			attributes = {
				LastSwiftUpdateCheck = 1160;
				LastUpgradeCheck = 1160;
				ORGANIZATIONNAME = "Rafał Rybakowski";
				TargetAttributes = {
					DC68F4F624C2F419001F196D = {
						CreatedOnToolsVersion = 11.6;
					};
					DC68F50C24C2F41C001F196D = {
						CreatedOnToolsVersion = 11.6;
						TestTargetID = DC68F4F624C2F419001F196D;
					};
				};
			};
			buildConfigurationList = DC68F4F224C2F419001F196D /* Build configuration list for PBXProject "MovieList" */;
			compatibilityVersion = "Xcode 9.3";
			developmentRegion = en;
			hasScannedForEncodings = 0;
			knownRegions = (
				en,
				Base,
			);
			mainGroup = DC68F4EE24C2F419001F196D;
			productRefGroup = DC68F4F824C2F419001F196D /* Products */;
			projectDirPath = "";
			projectRoot = "";
			targets = (
				DC68F4F624C2F419001F196D /* MovieList */,
				DC68F50C24C2F41C001F196D /* MovieListTests */,
			);
		};
/* End PBXProject section */

/* Begin PBXResourcesBuildPhase section */
		DC68F4F524C2F419001F196D /* Resources */ = {
			isa = PBXResourcesBuildPhase;
			buildActionMask = 2147483647;
			files = (
				DC794B3F24C36C2C00FCDDEE /* MovieDetailsOverviewCell.xib in Resources */,
				DC794B3B24C3605100FCDDEE /* MovieDetailsInfoCell.xib in Resources */,
				DC794B1D24C32B3F00FCDDEE /* MovieListItemCell.xib in Resources */,
				DC68F50724C2F41C001F196D /* LaunchScreen.storyboard in Resources */,
				DC794B3724C35C9B00FCDDEE /* MovieDetailsPosterCell.xib in Resources */,
				DC68F50424C2F41C001F196D /* Assets.xcassets in Resources */,
			);
			runOnlyForDeploymentPostprocessing = 0;
		};
		DC68F50B24C2F41C001F196D /* Resources */ = {
			isa = PBXResourcesBuildPhase;
			buildActionMask = 2147483647;
			files = (
			);
			runOnlyForDeploymentPostprocessing = 0;
		};
/* End PBXResourcesBuildPhase section */

/* Begin PBXShellScriptBuildPhase section */
		0FF76E256844027A28FE3D80 /* [CP] Embed Pods Frameworks */ = {
			isa = PBXShellScriptBuildPhase;
			buildActionMask = 2147483647;
			files = (
			);
			inputFileListPaths = (
				"${PODS_ROOT}/Target Support Files/Pods-MovieList/Pods-MovieList-frameworks-${CONFIGURATION}-input-files.xcfilelist",
			);
			name = "[CP] Embed Pods Frameworks";
			outputFileListPaths = (
				"${PODS_ROOT}/Target Support Files/Pods-MovieList/Pods-MovieList-frameworks-${CONFIGURATION}-output-files.xcfilelist",
			);
			runOnlyForDeploymentPostprocessing = 0;
			shellPath = /bin/sh;
			shellScript = "\"${PODS_ROOT}/Target Support Files/Pods-MovieList/Pods-MovieList-frameworks.sh\"\n";
			showEnvVarsInLog = 0;
		};
		42802D3EE919FC3FE7D8A4D1 /* [CP] Check Pods Manifest.lock */ = {
			isa = PBXShellScriptBuildPhase;
			buildActionMask = 2147483647;
			files = (
			);
			inputFileListPaths = (
			);
			inputPaths = (
				"${PODS_PODFILE_DIR_PATH}/Podfile.lock",
				"${PODS_ROOT}/Manifest.lock",
			);
			name = "[CP] Check Pods Manifest.lock";
			outputFileListPaths = (
			);
			outputPaths = (
				"$(DERIVED_FILE_DIR)/Pods-MovieList-checkManifestLockResult.txt",
			);
			runOnlyForDeploymentPostprocessing = 0;
			shellPath = /bin/sh;
			shellScript = "diff \"${PODS_PODFILE_DIR_PATH}/Podfile.lock\" \"${PODS_ROOT}/Manifest.lock\" > /dev/null\nif [ $? != 0 ] ; then\n    # print error to STDERR\n    echo \"error: The sandbox is not in sync with the Podfile.lock. Run 'pod install' or update your CocoaPods installation.\" >&2\n    exit 1\nfi\n# This output is used by Xcode 'outputs' to avoid re-running this script phase.\necho \"SUCCESS\" > \"${SCRIPT_OUTPUT_FILE_0}\"\n";
			showEnvVarsInLog = 0;
		};
		50C2484D20E29D96A0446722 /* [CP] Embed Pods Frameworks */ = {
			isa = PBXShellScriptBuildPhase;
			buildActionMask = 2147483647;
			files = (
			);
			inputFileListPaths = (
				"${PODS_ROOT}/Target Support Files/Pods-MovieListTests/Pods-MovieListTests-frameworks-${CONFIGURATION}-input-files.xcfilelist",
			);
			name = "[CP] Embed Pods Frameworks";
			outputFileListPaths = (
				"${PODS_ROOT}/Target Support Files/Pods-MovieListTests/Pods-MovieListTests-frameworks-${CONFIGURATION}-output-files.xcfilelist",
			);
			runOnlyForDeploymentPostprocessing = 0;
			shellPath = /bin/sh;
			shellScript = "\"${PODS_ROOT}/Target Support Files/Pods-MovieListTests/Pods-MovieListTests-frameworks.sh\"\n";
			showEnvVarsInLog = 0;
		};
		56F59D819B9B6B95A4F578BC /* [CP] Check Pods Manifest.lock */ = {
			isa = PBXShellScriptBuildPhase;
			buildActionMask = 2147483647;
			files = (
			);
			inputFileListPaths = (
			);
			inputPaths = (
				"${PODS_PODFILE_DIR_PATH}/Podfile.lock",
				"${PODS_ROOT}/Manifest.lock",
			);
			name = "[CP] Check Pods Manifest.lock";
			outputFileListPaths = (
			);
			outputPaths = (
				"$(DERIVED_FILE_DIR)/Pods-MovieListTests-checkManifestLockResult.txt",
			);
			runOnlyForDeploymentPostprocessing = 0;
			shellPath = /bin/sh;
			shellScript = "diff \"${PODS_PODFILE_DIR_PATH}/Podfile.lock\" \"${PODS_ROOT}/Manifest.lock\" > /dev/null\nif [ $? != 0 ] ; then\n    # print error to STDERR\n    echo \"error: The sandbox is not in sync with the Podfile.lock. Run 'pod install' or update your CocoaPods installation.\" >&2\n    exit 1\nfi\n# This output is used by Xcode 'outputs' to avoid re-running this script phase.\necho \"SUCCESS\" > \"${SCRIPT_OUTPUT_FILE_0}\"\n";
			showEnvVarsInLog = 0;
		};
/* End PBXShellScriptBuildPhase section */

/* Begin PBXSourcesBuildPhase section */
		DC68F4F324C2F419001F196D /* Sources */ = {
			isa = PBXSourcesBuildPhase;
			buildActionMask = 2147483647;
			files = (
				DC68F54224C30168001F196D /* JSONEncoderProtocol.swift in Sources */,
				DC68F4FB24C2F419001F196D /* AppDelegate.swift in Sources */,
				DC68F53B24C30030001F196D /* CurrentlyPlayingResourceFactory.swift in Sources */,
				DC794B2424C33B4F00FCDDEE /* UIFont+Convenience.swift in Sources */,
				DC794B1424C31F8900FCDDEE /* MovieListDataSource.swift in Sources */,
				DC794B2E24C3592700FCDDEE /* MovieDetailsViewController.swift in Sources */,
				DC794B4E24C4605C00FCDDEE /* SearchMoviesPersistor.swift in Sources */,
				DC68F54724C3025D001F196D /* CurrentlyPlayingPersistor.swift in Sources */,
				DC68F52B24C2F962001F196D /* MovieListView.swift in Sources */,
				DC794B3024C3593700FCDDEE /* MovieDetailsView.swift in Sources */,
				DC68F52424C2F7F5001F196D /* ViewControllerFactory.swift in Sources */,
				DC68F54B24C30463001F196D /* DependencyContainer.swift in Sources */,
				DC68F53624C2FFCF001F196D /* Resource.swift in Sources */,
				DC794B1624C323A300FCDDEE /* UITableView+Convenience.swift in Sources */,
				DC794B4424C44F7400FCDDEE /* UIImage+Convenience.swift in Sources */,
				DC794B1B24C32B0C00FCDDEE /* Registerable.swift in Sources */,
				DC68F52224C2F7B0001F196D /* WindowController.swift in Sources */,
				DC794B4224C444F600FCDDEE /* FavouriteMoviePersistor.swift in Sources */,
				DC68F52824C2F927001F196D /* MovieListViewController.swift in Sources */,
				DC68F51E24C2F754001F196D /* Navigator.swift in Sources */,
				DC794B4B24C45F5300FCDDEE /* SearchMovieResponse.swift in Sources */,
				DC68F52024C2F772001F196D /* FlowCoordinator.swift in Sources */,
				DC794B2224C339DA00FCDDEE /* LabelConfig.swift in Sources */,
				DC794B4724C45EF900FCDDEE /* SearchMoviesService.swift in Sources */,
				DC794B0F24C312F400FCDDEE /* CurrentlyPlayingMapper.swift in Sources */,
				DC794B1924C32AF100FCDDEE /* MovieListItemCell.swift in Sources */,
				DC794B2924C3466A00FCDDEE /* UIView+Convenience.swift in Sources */,
				DC794B3524C35C3700FCDDEE /* MovieDetailsPosterCell.swift in Sources */,
				DC68F54924C30359001F196D /* UserDefaultsProtocol.swift in Sources */,
				DC68F54024C30157001F196D /* JSONDecoderProtocol.swift in Sources */,
				DC794B2724C3421500FCDDEE /* NumberFormatterFactory.swift in Sources */,
				DC794B3D24C36C0900FCDDEE /* MovieDetailsOverviewCell.swift in Sources */,
				DC68F52E24C2F9F8001F196D /* UIColor+Pallete.swift in Sources */,
				DC794B5224C4610A00FCDDEE /* SearchMoviesMapper.swift in Sources */,
				DC68F53924C2FFFF001F196D /* CurrentlyPlayingService.swift in Sources */,
				DC68F53124C2FBD9001F196D /* CurrentlyPlayingSynchronizer.swift in Sources */,
				DC794B2B24C3506700FCDDEE /* AppearanceChanger.swift in Sources */,
				DC68F53E24C300E6001F196D /* CurrentlyPlayingResponse.swift in Sources */,
				DC794B5024C460D600FCDDEE /* SearchMoviesSynchronizer.swift in Sources */,
				DC794B3224C3594500FCDDEE /* MovieDetailsDataSource.swift in Sources */,
				DC794B3924C3602A00FCDDEE /* MovieDetailsInfoCell.swift in Sources */,
				DC794B4924C45F1700FCDDEE /* SearchMoviesResourceFactory.swift in Sources */,
				DC794B1F24C339B100FCDDEE /* UILabel+Convenience.swift in Sources */,
				DC794B1224C3133400FCDDEE /* TMDBCurrentMovie.swift in Sources */,
				DC68F54424C30219001F196D /* CurrentMovie.swift in Sources */,
				DC68F53424C2FF84001F196D /* ApiClient.swift in Sources */,
			);
			runOnlyForDeploymentPostprocessing = 0;
		};
		DC68F50924C2F41C001F196D /* Sources */ = {
			isa = PBXSourcesBuildPhase;
			buildActionMask = 2147483647;
			files = (
				DC794B5724C4999700FCDDEE /* FakeViewControllerFactory.swift in Sources */,
				DC794B5924C49A8800FCDDEE /* FakeNavigator.swift in Sources */,
				DC794B5C24C49B0D00FCDDEE /* CurrentMovie+Fixture.swift in Sources */,
				DC794B5424C4995300FCDDEE /* FlowCoordinatorSpec.swift in Sources */,
			);
			runOnlyForDeploymentPostprocessing = 0;
		};
/* End PBXSourcesBuildPhase section */

/* Begin PBXTargetDependency section */
		DC68F50F24C2F41C001F196D /* PBXTargetDependency */ = {
			isa = PBXTargetDependency;
			target = DC68F4F624C2F419001F196D /* MovieList */;
			targetProxy = DC68F50E24C2F41C001F196D /* PBXContainerItemProxy */;
		};
/* End PBXTargetDependency section */

/* Begin PBXVariantGroup section */
		DC68F50524C2F41C001F196D /* LaunchScreen.storyboard */ = {
			isa = PBXVariantGroup;
			children = (
				DC68F50624C2F41C001F196D /* Base */,
			);
			name = LaunchScreen.storyboard;
			sourceTree = "<group>";
		};
/* End PBXVariantGroup section */

/* Begin XCBuildConfiguration section */
		DC68F51424C2F41C001F196D /* Debug */ = {
			isa = XCBuildConfiguration;
			buildSettings = {
				ALWAYS_SEARCH_USER_PATHS = NO;
				CLANG_ANALYZER_NONNULL = YES;
				CLANG_ANALYZER_NUMBER_OBJECT_CONVERSION = YES_AGGRESSIVE;
				CLANG_CXX_LANGUAGE_STANDARD = "gnu++14";
				CLANG_CXX_LIBRARY = "libc++";
				CLANG_ENABLE_MODULES = YES;
				CLANG_ENABLE_OBJC_ARC = YES;
				CLANG_ENABLE_OBJC_WEAK = YES;
				CLANG_WARN_BLOCK_CAPTURE_AUTORELEASING = YES;
				CLANG_WARN_BOOL_CONVERSION = YES;
				CLANG_WARN_COMMA = YES;
				CLANG_WARN_CONSTANT_CONVERSION = YES;
				CLANG_WARN_DEPRECATED_OBJC_IMPLEMENTATIONS = YES;
				CLANG_WARN_DIRECT_OBJC_ISA_USAGE = YES_ERROR;
				CLANG_WARN_DOCUMENTATION_COMMENTS = YES;
				CLANG_WARN_EMPTY_BODY = YES;
				CLANG_WARN_ENUM_CONVERSION = YES;
				CLANG_WARN_INFINITE_RECURSION = YES;
				CLANG_WARN_INT_CONVERSION = YES;
				CLANG_WARN_NON_LITERAL_NULL_CONVERSION = YES;
				CLANG_WARN_OBJC_IMPLICIT_RETAIN_SELF = YES;
				CLANG_WARN_OBJC_LITERAL_CONVERSION = YES;
				CLANG_WARN_OBJC_ROOT_CLASS = YES_ERROR;
				CLANG_WARN_RANGE_LOOP_ANALYSIS = YES;
				CLANG_WARN_STRICT_PROTOTYPES = YES;
				CLANG_WARN_SUSPICIOUS_MOVE = YES;
				CLANG_WARN_UNGUARDED_AVAILABILITY = YES_AGGRESSIVE;
				CLANG_WARN_UNREACHABLE_CODE = YES;
				CLANG_WARN__DUPLICATE_METHOD_MATCH = YES;
				COPY_PHASE_STRIP = NO;
				DEBUG_INFORMATION_FORMAT = dwarf;
				ENABLE_STRICT_OBJC_MSGSEND = YES;
				ENABLE_TESTABILITY = YES;
				GCC_C_LANGUAGE_STANDARD = gnu11;
				GCC_DYNAMIC_NO_PIC = NO;
				GCC_NO_COMMON_BLOCKS = YES;
				GCC_OPTIMIZATION_LEVEL = 0;
				GCC_PREPROCESSOR_DEFINITIONS = (
					"DEBUG=1",
					"$(inherited)",
				);
				GCC_WARN_64_TO_32_BIT_CONVERSION = YES;
				GCC_WARN_ABOUT_RETURN_TYPE = YES_ERROR;
				GCC_WARN_UNDECLARED_SELECTOR = YES;
				GCC_WARN_UNINITIALIZED_AUTOS = YES_AGGRESSIVE;
				GCC_WARN_UNUSED_FUNCTION = YES;
				GCC_WARN_UNUSED_VARIABLE = YES;
				IPHONEOS_DEPLOYMENT_TARGET = 13.6;
				MTL_ENABLE_DEBUG_INFO = INCLUDE_SOURCE;
				MTL_FAST_MATH = YES;
				ONLY_ACTIVE_ARCH = YES;
				SDKROOT = iphoneos;
				SWIFT_ACTIVE_COMPILATION_CONDITIONS = DEBUG;
				SWIFT_OPTIMIZATION_LEVEL = "-Onone";
			};
			name = Debug;
		};
		DC68F51524C2F41C001F196D /* Release */ = {
			isa = XCBuildConfiguration;
			buildSettings = {
				ALWAYS_SEARCH_USER_PATHS = NO;
				CLANG_ANALYZER_NONNULL = YES;
				CLANG_ANALYZER_NUMBER_OBJECT_CONVERSION = YES_AGGRESSIVE;
				CLANG_CXX_LANGUAGE_STANDARD = "gnu++14";
				CLANG_CXX_LIBRARY = "libc++";
				CLANG_ENABLE_MODULES = YES;
				CLANG_ENABLE_OBJC_ARC = YES;
				CLANG_ENABLE_OBJC_WEAK = YES;
				CLANG_WARN_BLOCK_CAPTURE_AUTORELEASING = YES;
				CLANG_WARN_BOOL_CONVERSION = YES;
				CLANG_WARN_COMMA = YES;
				CLANG_WARN_CONSTANT_CONVERSION = YES;
				CLANG_WARN_DEPRECATED_OBJC_IMPLEMENTATIONS = YES;
				CLANG_WARN_DIRECT_OBJC_ISA_USAGE = YES_ERROR;
				CLANG_WARN_DOCUMENTATION_COMMENTS = YES;
				CLANG_WARN_EMPTY_BODY = YES;
				CLANG_WARN_ENUM_CONVERSION = YES;
				CLANG_WARN_INFINITE_RECURSION = YES;
				CLANG_WARN_INT_CONVERSION = YES;
				CLANG_WARN_NON_LITERAL_NULL_CONVERSION = YES;
				CLANG_WARN_OBJC_IMPLICIT_RETAIN_SELF = YES;
				CLANG_WARN_OBJC_LITERAL_CONVERSION = YES;
				CLANG_WARN_OBJC_ROOT_CLASS = YES_ERROR;
				CLANG_WARN_RANGE_LOOP_ANALYSIS = YES;
				CLANG_WARN_STRICT_PROTOTYPES = YES;
				CLANG_WARN_SUSPICIOUS_MOVE = YES;
				CLANG_WARN_UNGUARDED_AVAILABILITY = YES_AGGRESSIVE;
				CLANG_WARN_UNREACHABLE_CODE = YES;
				CLANG_WARN__DUPLICATE_METHOD_MATCH = YES;
				COPY_PHASE_STRIP = NO;
				DEBUG_INFORMATION_FORMAT = "dwarf-with-dsym";
				ENABLE_NS_ASSERTIONS = NO;
				ENABLE_STRICT_OBJC_MSGSEND = YES;
				GCC_C_LANGUAGE_STANDARD = gnu11;
				GCC_NO_COMMON_BLOCKS = YES;
				GCC_WARN_64_TO_32_BIT_CONVERSION = YES;
				GCC_WARN_ABOUT_RETURN_TYPE = YES_ERROR;
				GCC_WARN_UNDECLARED_SELECTOR = YES;
				GCC_WARN_UNINITIALIZED_AUTOS = YES_AGGRESSIVE;
				GCC_WARN_UNUSED_FUNCTION = YES;
				GCC_WARN_UNUSED_VARIABLE = YES;
				IPHONEOS_DEPLOYMENT_TARGET = 13.6;
				MTL_ENABLE_DEBUG_INFO = NO;
				MTL_FAST_MATH = YES;
				SDKROOT = iphoneos;
				SWIFT_COMPILATION_MODE = wholemodule;
				SWIFT_OPTIMIZATION_LEVEL = "-O";
				VALIDATE_PRODUCT = YES;
			};
			name = Release;
		};
		DC68F51724C2F41C001F196D /* Debug */ = {
			isa = XCBuildConfiguration;
			baseConfigurationReference = F960041CF199BD024681FBDA /* Pods-MovieList.debug.xcconfig */;
			buildSettings = {
				ASSETCATALOG_COMPILER_APPICON_NAME = AppIcon;
				CODE_SIGN_STYLE = Automatic;
				DEVELOPMENT_TEAM = MSKK8TX96S;
				INFOPLIST_FILE = MovieList/Info.plist;
				IPHONEOS_DEPLOYMENT_TARGET = 10.0;
				LD_RUNPATH_SEARCH_PATHS = (
					"$(inherited)",
					"@executable_path/Frameworks",
				);
				PRODUCT_BUNDLE_IDENTIFIER = com.rafal.MovieList;
				PRODUCT_NAME = "$(TARGET_NAME)";
				SWIFT_VERSION = 5.0;
				TARGETED_DEVICE_FAMILY = "1,2";
			};
			name = Debug;
		};
		DC68F51824C2F41C001F196D /* Release */ = {
			isa = XCBuildConfiguration;
			baseConfigurationReference = 023EA5EEB617717735975314 /* Pods-MovieList.release.xcconfig */;
			buildSettings = {
				ASSETCATALOG_COMPILER_APPICON_NAME = AppIcon;
				CODE_SIGN_STYLE = Automatic;
				DEVELOPMENT_TEAM = MSKK8TX96S;
				INFOPLIST_FILE = MovieList/Info.plist;
				IPHONEOS_DEPLOYMENT_TARGET = 10.0;
				LD_RUNPATH_SEARCH_PATHS = (
					"$(inherited)",
					"@executable_path/Frameworks",
				);
				PRODUCT_BUNDLE_IDENTIFIER = com.rafal.MovieList;
				PRODUCT_NAME = "$(TARGET_NAME)";
				SWIFT_VERSION = 5.0;
				TARGETED_DEVICE_FAMILY = "1,2";
			};
			name = Release;
		};
		DC68F51A24C2F41C001F196D /* Debug */ = {
			isa = XCBuildConfiguration;
			baseConfigurationReference = 060C5356821DCBC83DAED524 /* Pods-MovieListTests.debug.xcconfig */;
			buildSettings = {
				ALWAYS_EMBED_SWIFT_STANDARD_LIBRARIES = YES;
				BUNDLE_LOADER = "$(TEST_HOST)";
				CODE_SIGN_STYLE = Automatic;
				DEVELOPMENT_TEAM = MSKK8TX96S;
				INFOPLIST_FILE = MovieListTests/Info.plist;
				IPHONEOS_DEPLOYMENT_TARGET = 10.0;
				LD_RUNPATH_SEARCH_PATHS = (
					"$(inherited)",
					"@executable_path/Frameworks",
					"@loader_path/Frameworks",
				);
				PRODUCT_BUNDLE_IDENTIFIER = com.rafal.MovieListTests;
				PRODUCT_NAME = "$(TARGET_NAME)";
				SWIFT_VERSION = 5.0;
				TARGETED_DEVICE_FAMILY = "1,2";
				TEST_HOST = "$(BUILT_PRODUCTS_DIR)/MovieList.app/MovieList";
			};
			name = Debug;
		};
		DC68F51B24C2F41C001F196D /* Release */ = {
			isa = XCBuildConfiguration;
			baseConfigurationReference = FE29A4D8E43D6E87C42D8460 /* Pods-MovieListTests.release.xcconfig */;
			buildSettings = {
				ALWAYS_EMBED_SWIFT_STANDARD_LIBRARIES = YES;
				BUNDLE_LOADER = "$(TEST_HOST)";
				CODE_SIGN_STYLE = Automatic;
				DEVELOPMENT_TEAM = MSKK8TX96S;
				INFOPLIST_FILE = MovieListTests/Info.plist;
				IPHONEOS_DEPLOYMENT_TARGET = 10.0;
				LD_RUNPATH_SEARCH_PATHS = (
					"$(inherited)",
					"@executable_path/Frameworks",
					"@loader_path/Frameworks",
				);
				PRODUCT_BUNDLE_IDENTIFIER = com.rafal.MovieListTests;
				PRODUCT_NAME = "$(TARGET_NAME)";
				SWIFT_VERSION = 5.0;
				TARGETED_DEVICE_FAMILY = "1,2";
				TEST_HOST = "$(BUILT_PRODUCTS_DIR)/MovieList.app/MovieList";
			};
			name = Release;
		};
/* End XCBuildConfiguration section */

/* Begin XCConfigurationList section */
		DC68F4F224C2F419001F196D /* Build configuration list for PBXProject "MovieList" */ = {
			isa = XCConfigurationList;
			buildConfigurations = (
				DC68F51424C2F41C001F196D /* Debug */,
				DC68F51524C2F41C001F196D /* Release */,
			);
			defaultConfigurationIsVisible = 0;
			defaultConfigurationName = Release;
		};
		DC68F51624C2F41C001F196D /* Build configuration list for PBXNativeTarget "MovieList" */ = {
			isa = XCConfigurationList;
			buildConfigurations = (
				DC68F51724C2F41C001F196D /* Debug */,
				DC68F51824C2F41C001F196D /* Release */,
			);
			defaultConfigurationIsVisible = 0;
			defaultConfigurationName = Release;
		};
		DC68F51924C2F41C001F196D /* Build configuration list for PBXNativeTarget "MovieListTests" */ = {
			isa = XCConfigurationList;
			buildConfigurations = (
				DC68F51A24C2F41C001F196D /* Debug */,
				DC68F51B24C2F41C001F196D /* Release */,
			);
			defaultConfigurationIsVisible = 0;
			defaultConfigurationName = Release;
		};
/* End XCConfigurationList section */
	};
	rootObject = DC68F4EF24C2F419001F196D /* Project object */;
}
